<?xml version="1.0" encoding="utf-8"?>
<Project ToolsVersion="4.0" xmlns="http://schemas.microsoft.com/developer/msbuild/2003">
  <ItemGroup>
    <Filter Include="Source Files">
      <UniqueIdentifier>{4FC737F1-C7A5-4376-A066-2A32D752A2FF}</UniqueIdentifier>
      <Extensions>cpp;c;cc;cxx;def;odl;idl;hpj;bat;asm;asmx</Extensions>
    </Filter>
    <Filter Include="Header Files">
      <UniqueIdentifier>{93995380-89BD-4b04-88EB-625FBE52EBFB}</UniqueIdentifier>
      <Extensions>h;hh;hpp;hxx;hm;inl;inc;ipp;xsd</Extensions>
    </Filter>
    <Filter Include="Resource Files">
      <UniqueIdentifier>{67DA6AB6-F800-4c08-8B7A-83BB121AAD01}</UniqueIdentifier>
      <Extensions>rc;ico;cur;bmp;dlg;rc2;rct;bin;rgs;gif;jpg;jpeg;jpe;resx;tiff;tif;png;wav;mfcribbon-ms</Extensions>
    </Filter>
  </ItemGroup>
  <ItemGroup>
    <ClInclude Include="framework.h">
      <Filter>Header Files</Filter>
    </ClInclude>
    <ClInclude Include="LightsController.h">
      <Filter>Header Files</Filter>
    </ClInclude>
    <ClInclude Include="SimulatedLedStrip.h">
      <Filter>Header Files</Filter>
    </ClInclude>
    <ClInclude Include="AnimationManager.h">
      <Filter>Header Files</Filter>
    </ClInclude>
    <ClInclude Include="animation\Animation.h">
      <Filter>Header Files</Filter>
    </ClInclude>
    <ClInclude Include="clearance\Clearance.h">
      <Filter>Header Files</Filter>
    </ClInclude>
    <ClInclude Include="animation\ColorWipe.h">
      <Filter>Header Files</Filter>
    </ClInclude>
    <ClInclude Include="AbstractLedStrip.h">
      <Filter>Header Files</Filter>
    </ClInclude>
    <ClInclude Include="animation\ColorWalk.h">
      <Filter>Header Files</Filter>
    </ClInclude>
    <ClInclude Include="animation\ColorWave.h">
      <Filter>Header Files</Filter>
    </ClInclude>
    <ClInclude Include="animation\RandomCreep.h">
      <Filter>Header Files</Filter>
    </ClInclude>
    <ClInclude Include="animation\Rainbow.h">
      <Filter>Header Files</Filter>
    </ClInclude>
    <ClInclude Include="animation\RainCycle.h">
      <Filter>Header Files</Filter>
    </ClInclude>
    <ClInclude Include="animation\RainFull.h">
      <Filter>Header Files</Filter>
    </ClInclude>
    <ClInclude Include="animation\LightUp.h">
      <Filter>Header Files</Filter>
    </ClInclude>
    <ClInclude Include="animation\Sparks.h">
      <Filter>Header Files</Filter>
    </ClInclude>
    <ClInclude Include="animation\RandomFade.h">
      <Filter>Header Files</Filter>
    </ClInclude>
    <ClInclude Include="animation\CenterRun.h">
      <Filter>Header Files</Filter>
    </ClInclude>
    <ClInclude Include="animation\ShineSeven.h">
      <Filter>Header Files</Filter>
    </ClInclude>
    <ClInclude Include="animation\WalkSeven.h">
      <Filter>Header Files</Filter>
    </ClInclude>
    <ClInclude Include="animation\FlashSeven.h">
      <Filter>Header Files</Filter>
    </ClInclude>
    <ClInclude Include="animation\MergeOne.h">
      <Filter>Header Files</Filter>
    </ClInclude>
    <ClInclude Include="animation\MergeWave.h">
      <Filter>Header Files</Filter>
    </ClInclude>
    <ClInclude Include="animation\CollideOne.h">
      <Filter>Header Files</Filter>
    </ClInclude>
    <ClInclude Include="animation\NeoFire.h">
      <Filter>Header Files</Filter>
    </ClInclude>
    <ClInclude Include="animation\EvenOdd.h">
      <Filter>Header Files</Filter>
    </ClInclude>
    <ClInclude Include="animation\RainBlend.h">
      <Filter>Header Files</Filter>
    </ClInclude>
    <ClInclude Include="animation\ColorSwing.h">
      <Filter>Header Files</Filter>
    </ClInclude>
    <ClInclude Include="animation\SingleColorSwing.h">
      <Filter>Header Files</Filter>
    </ClInclude>
    <ClInclude Include="animation\RandomFill.h">
      <Filter>Header Files</Filter>
    </ClInclude>
    <ClInclude Include="animation\ShineFlash.h">
      <Filter>Header Files</Filter>
    </ClInclude>
    <ClInclude Include="animation\SingleWave.h">
      <Filter>Header Files</Filter>
    </ClInclude>
    <ClInclude Include="animation\Worms.h">
      <Filter>Header Files</Filter>
    </ClInclude>
    <ClInclude Include="animation\Interference.h">
      <Filter>Header Files</Filter>
    </ClInclude>
    <ClInclude Include="animation\Toward.h">
      <Filter>Header Files</Filter>
    </ClInclude>
    <ClInclude Include="animation\TowardRain.h">
      <Filter>Header Files</Filter>
    </ClInclude>
    <ClInclude Include="animation\LightHouse.h">
      <Filter>Header Files</Filter>
    </ClInclude>
    <ClInclude Include="animation\RandomDrops.h">
      <Filter>Header Files</Filter>
    </ClInclude>
    <ClInclude Include="animation\Drop.h">
      <Filter>Header Files</Filter>
    </ClInclude>
    <ClInclude Include="animation\SolitonCreep.h">
      <Filter>Header Files</Filter>
    </ClInclude>
    <ClInclude Include="clearance\ClearSide.h">
      <Filter>Header Files</Filter>
    </ClInclude>
    <ClInclude Include="clearance\ClearFromCenter.h">
      <Filter>Header Files</Filter>
    </ClInclude>
    <ClInclude Include="clearance\ClearFade.h">
      <Filter>Header Files</Filter>
    </ClInclude>
    <ClInclude Include="clearance\EatFromCenter.h">
      <Filter>Header Files</Filter>
    </ClInclude>
    <ClInclude Include="clearance\ClearHalf.h">
      <Filter>Header Files</Filter>
    </ClInclude>
    <ClInclude Include="animation\Worm.h">
      <Filter>Header Files</Filter>
    </ClInclude>
    <ClInclude Include="animation\WalkToCenter.h">
      <Filter>Header Files</Filter>
    </ClInclude>
    <ClInclude Include="animation\WalkAcross.h">
      <Filter>Header Files</Filter>
    </ClInclude>
    <ClInclude Include="animation\StaticColor.h">
      <Filter>Header Files</Filter>
    </ClInclude>
    <ClInclude Include="manipulation\BrightnessManipulation.h">
      <Filter>Header Files</Filter>
    </ClInclude>
    <ClInclude Include="manipulation\ColorManipulation.h">
      <Filter>Header Files</Filter>
    </ClInclude>
    <ClInclude Include="manipulation\Crawl.h">
      <Filter>Header Files</Filter>
    </ClInclude>
    <ClInclude Include="manipulation\CrawlDirection.h">
      <Filter>Header Files</Filter>
    </ClInclude>
    <ClInclude Include="animation\ChristmasWave.h">
      <Filter>Header Files</Filter>
    </ClInclude>
    <ClInclude Include="animation\WarmWhiteShimmer.h">
      <Filter>Header Files</Filter>
    </ClInclude>
    <ClInclude Include="manipulation\RandomWalk.h">
      <Filter>Header Files</Filter>
    </ClInclude>
    <ClInclude Include="animation\Fire.h">
      <Filter>Header Files</Filter>
    </ClInclude>
  </ItemGroup>
  <ItemGroup>
    <ClCompile Include="dllmain.cpp">
      <Filter>Source Files</Filter>
    </ClCompile>
    <ClCompile Include="LightsController.cpp">
      <Filter>Source Files</Filter>
    </ClCompile>
    <ClCompile Include="SimulatedLedStrip.cpp">
      <Filter>Source Files</Filter>
    </ClCompile>
    <ClCompile Include="AnimationManager.cpp">
      <Filter>Source Files</Filter>
    </ClCompile>
    <ClCompile Include="animation\Animation.cpp">
      <Filter>Source Files</Filter>
    </ClCompile>
    <ClCompile Include="clearance\Clearance.cpp">
      <Filter>Source Files</Filter>
    </ClCompile>
    <ClCompile Include="animation\ColorWipe.cpp">
      <Filter>Source Files</Filter>
    </ClCompile>
    <ClCompile Include="animation\ColorWalk.cpp">
      <Filter>Source Files</Filter>
    </ClCompile>
    <ClCompile Include="animation\ColorWave.cpp">
      <Filter>Source Files</Filter>
    </ClCompile>
    <ClCompile Include="animation\RandomCreep.cpp">
      <Filter>Source Files</Filter>
    </ClCompile>
    <ClCompile Include="animation\Rainbow.cpp">
      <Filter>Source Files</Filter>
    </ClCompile>
    <ClCompile Include="animation\RainCycle.cpp">
      <Filter>Source Files</Filter>
    </ClCompile>
    <ClCompile Include="animation\RainFull.cpp">
      <Filter>Source Files</Filter>
    </ClCompile>
    <ClCompile Include="animation\LightUp.cpp">
      <Filter>Source Files</Filter>
    </ClCompile>
    <ClCompile Include="animation\Sparks.cpp">
      <Filter>Source Files</Filter>
    </ClCompile>
    <ClCompile Include="animation\RandomFade.cpp">
      <Filter>Source Files</Filter>
    </ClCompile>
    <ClCompile Include="animation\CenterRun.cpp">
      <Filter>Source Files</Filter>
    </ClCompile>
    <ClCompile Include="animation\ShineSeven.cpp">
      <Filter>Source Files</Filter>
    </ClCompile>
    <ClCompile Include="animation\WalkSeven.cpp">
      <Filter>Source Files</Filter>
    </ClCompile>
    <ClCompile Include="animation\FlashSeven.cpp">
      <Filter>Source Files</Filter>
    </ClCompile>
    <ClCompile Include="animation\MergeOne.cpp">
      <Filter>Source Files</Filter>
    </ClCompile>
    <ClCompile Include="animation\MergeWave.cpp">
      <Filter>Source Files</Filter>
    </ClCompile>
    <ClCompile Include="animation\CollideOne.cpp">
      <Filter>Source Files</Filter>
    </ClCompile>
    <ClCompile Include="animation\NeoFire.cpp">
      <Filter>Source Files</Filter>
    </ClCompile>
    <ClCompile Include="animation\EvenOdd.cpp">
      <Filter>Source Files</Filter>
    </ClCompile>
    <ClCompile Include="animation\RainBlend.cpp">
      <Filter>Source Files</Filter>
    </ClCompile>
    <ClCompile Include="animation\ColorSwing.cpp">
      <Filter>Source Files</Filter>
    </ClCompile>
    <ClCompile Include="animation\SingleColorSwing.cpp">
      <Filter>Source Files</Filter>
    </ClCompile>
    <ClCompile Include="animation\RandomFill.cpp">
      <Filter>Source Files</Filter>
    </ClCompile>
    <ClCompile Include="animation\ShineFlash.cpp">
      <Filter>Source Files</Filter>
    </ClCompile>
    <ClCompile Include="animation\SingleWave.cpp">
      <Filter>Source Files</Filter>
    </ClCompile>
    <ClCompile Include="animation\Worms.cpp">
      <Filter>Source Files</Filter>
    </ClCompile>
    <ClCompile Include="animation\Interference.cpp">
      <Filter>Source Files</Filter>
    </ClCompile>
    <ClCompile Include="animation\Toward.cpp">
      <Filter>Source Files</Filter>
    </ClCompile>
    <ClCompile Include="animation\TowardRain.cpp">
      <Filter>Source Files</Filter>
    </ClCompile>
    <ClCompile Include="animation\LightHouse.cpp">
      <Filter>Source Files</Filter>
    </ClCompile>
    <ClCompile Include="animation\RandomDrops.cpp">
      <Filter>Source Files</Filter>
    </ClCompile>
    <ClCompile Include="animation\SolitonCreep.cpp">
      <Filter>Source Files</Filter>
    </ClCompile>
    <ClCompile Include="clearance\ClearSide.cpp">
      <Filter>Source Files</Filter>
    </ClCompile>
    <ClCompile Include="clearance\ClearFromCenter.cpp">
      <Filter>Source Files</Filter>
    </ClCompile>
    <ClCompile Include="clearance\ClearFade.cpp">
      <Filter>Source Files</Filter>
    </ClCompile>
    <ClCompile Include="clearance\EatFromCenter.cpp">
      <Filter>Source Files</Filter>
    </ClCompile>
    <ClCompile Include="clearance\ClearHalf.cpp">
      <Filter>Source Files</Filter>
    </ClCompile>
    <ClCompile Include="framework.cpp">
      <Filter>Source Files</Filter>
    </ClCompile>
    <ClCompile Include="animation\WalkToCenter.cpp">
      <Filter>Source Files</Filter>
    </ClCompile>
    <ClCompile Include="animation\WalkAcross.cpp">
      <Filter>Source Files</Filter>
    </ClCompile>
    <ClCompile Include="animation\StaticColor.cpp">
      <Filter>Source Files</Filter>
    </ClCompile>
    <ClCompile Include="manipulation\BrightnessManipulation.cpp">
      <Filter>Source Files</Filter>
    </ClCompile>
    <ClCompile Include="manipulation\ColorManipulation.cpp">
      <Filter>Source Files</Filter>
    </ClCompile>
    <ClCompile Include="manipulation\Crawl.cpp">
      <Filter>Source Files</Filter>
    </ClCompile>
    <ClCompile Include="manipulation\CrawlDirection.cpp">
      <Filter>Source Files</Filter>
    </ClCompile>
    <ClCompile Include="animation\ChristmasWave.cpp">
      <Filter>Source Files</Filter>
    </ClCompile>
    <ClCompile Include="animation\WarmWhiteShimmer.cpp">
      <Filter>Source Files</Filter>
    </ClCompile>
    <ClCompile Include="manipulation\RandomWalk.cpp">
      <Filter>Source Files</Filter>
    </ClCompile>
    <ClCompile Include="animation\Fire.cpp">
      <Filter>Source Files</Filter>
    </ClCompile>
  </ItemGroup>
  <ItemGroup>
    <None Include="arduino.template" />
  </ItemGroup>
</Project>