<?xml version="1.0" encoding="utf-8"?>
<Project ToolsVersion="4.0" xmlns="http://schemas.microsoft.com/developer/msbuild/2003">
  <ItemGroup>
    <Filter Include="Source Files">
      <UniqueIdentifier>{4FC737F1-C7A5-4376-A066-2A32D752A2FF}</UniqueIdentifier>
      <Extensions>cpp;c;cc;cxx;def;odl;idl;hpj;bat;asm;asmx</Extensions>
    </Filter>
    <Filter Include="Header Files">
      <UniqueIdentifier>{93995380-89BD-4b04-88EB-625FBE52EBFB}</UniqueIdentifier>
      <Extensions>h;hh;hpp;hxx;hm;inl;inc;ipp;xsd</Extensions>
    </Filter>
    <Filter Include="Resource Files">
      <UniqueIdentifier>{67DA6AB6-F800-4c08-8B7A-83BB121AAD01}</UniqueIdentifier>
      <Extensions>rc;ico;cur;bmp;dlg;rc2;rct;bin;rgs;gif;jpg;jpeg;jpe;resx;tiff;tif;png;wav;mfcribbon-ms</Extensions>
    </Filter>
  </ItemGroup>
  <ItemGroup>
    <ClInclude Include="framework.h">
      <Filter>Header Files</Filter>
    </ClInclude>
    <ClInclude Include="LightsController.h">
      <Filter>Header Files</Filter>
    </ClInclude>
    <ClInclude Include="SimulatedLedStrip.h">
      <Filter>Header Files</Filter>
    </ClInclude>
    <ClInclude Include="Helper.h">
      <Filter>Header Files</Filter>
    </ClInclude>
    <ClInclude Include="AnimationManager.h">
      <Filter>Header Files</Filter>
    </ClInclude>
    <ClInclude Include="Shuffle.h">
      <Filter>Header Files</Filter>
    </ClInclude>
    <ClInclude Include="AbstractLedStrip.h">
      <Filter>Header Files</Filter>
    </ClInclude>
    <ClInclude Include="Crawl.h">
      <Filter>Header Files</Filter>
    </ClInclude>
    <ClInclude Include="BrightnessManipulation.h">
      <Filter>Header Files</Filter>
    </ClInclude>
    <ClInclude Include="BlendManipulations.h">
      <Filter>Header Files</Filter>
    </ClInclude>
    <ClInclude Include="Clearance.h">
      <Filter>Header Files</Filter>
    </ClInclude>
    <ClInclude Include="ClearFade.h">
      <Filter>Header Files</Filter>
    </ClInclude>
    <ClInclude Include="ClearFromCenter.h">
      <Filter>Header Files</Filter>
    </ClInclude>
    <ClInclude Include="ClearHalf.h">
      <Filter>Header Files</Filter>
    </ClInclude>
    <ClInclude Include="ClearSide.h">
      <Filter>Header Files</Filter>
    </ClInclude>
    <ClInclude Include="EatFromCenter.h">
      <Filter>Header Files</Filter>
    </ClInclude>
    <ClInclude Include="Animation.h">
      <Filter>Header Files</Filter>
    </ClInclude>
    <ClInclude Include="CenterRun.h">
      <Filter>Header Files</Filter>
    </ClInclude>
    <ClInclude Include="CollEnd.h">
      <Filter>Header Files</Filter>
    </ClInclude>
    <ClInclude Include="CollideOne.h">
      <Filter>Header Files</Filter>
    </ClInclude>
    <ClInclude Include="CollMdl.h">
      <Filter>Header Files</Filter>
    </ClInclude>
    <ClInclude Include="ColorSwing.h">
      <Filter>Header Files</Filter>
    </ClInclude>
    <ClInclude Include="ColorWalk.h">
      <Filter>Header Files</Filter>
    </ClInclude>
    <ClInclude Include="ColorWave.h">
      <Filter>Header Files</Filter>
    </ClInclude>
    <ClInclude Include="ColorWipe.h">
      <Filter>Header Files</Filter>
    </ClInclude>
    <ClInclude Include="Drop.h">
      <Filter>Header Files</Filter>
    </ClInclude>
    <ClInclude Include="EvenOdd.h">
      <Filter>Header Files</Filter>
    </ClInclude>
    <ClInclude Include="FlashSeven.h">
      <Filter>Header Files</Filter>
    </ClInclude>
    <ClInclude Include="Interference.h">
      <Filter>Header Files</Filter>
    </ClInclude>
    <ClInclude Include="LightHouse.h">
      <Filter>Header Files</Filter>
    </ClInclude>
    <ClInclude Include="LightUp.h">
      <Filter>Header Files</Filter>
    </ClInclude>
    <ClInclude Include="MergeOne.h">
      <Filter>Header Files</Filter>
    </ClInclude>
    <ClInclude Include="MergeWave.h">
      <Filter>Header Files</Filter>
    </ClInclude>
    <ClInclude Include="NeoFire.h">
      <Filter>Header Files</Filter>
    </ClInclude>
    <ClInclude Include="RainBlend.h">
      <Filter>Header Files</Filter>
    </ClInclude>
    <ClInclude Include="Rainbow.h">
      <Filter>Header Files</Filter>
    </ClInclude>
    <ClInclude Include="RainCycle.h">
      <Filter>Header Files</Filter>
    </ClInclude>
    <ClInclude Include="RainFull.h">
      <Filter>Header Files</Filter>
    </ClInclude>
    <ClInclude Include="RandomCreep.h">
      <Filter>Header Files</Filter>
    </ClInclude>
    <ClInclude Include="RandomDrops.h">
      <Filter>Header Files</Filter>
    </ClInclude>
    <ClInclude Include="RandomFade.h">
      <Filter>Header Files</Filter>
    </ClInclude>
    <ClInclude Include="RandomFill.h">
      <Filter>Header Files</Filter>
    </ClInclude>
    <ClInclude Include="ShineFlash.h">
      <Filter>Header Files</Filter>
    </ClInclude>
    <ClInclude Include="ShineSeven.h">
      <Filter>Header Files</Filter>
    </ClInclude>
    <ClInclude Include="SingleColorSwing.h">
      <Filter>Header Files</Filter>
    </ClInclude>
    <ClInclude Include="SingleWave.h">
      <Filter>Header Files</Filter>
    </ClInclude>
    <ClInclude Include="SolitonCreep.h">
      <Filter>Header Files</Filter>
    </ClInclude>
    <ClInclude Include="Sparks.h">
      <Filter>Header Files</Filter>
    </ClInclude>
    <ClInclude Include="StaticColor.h">
      <Filter>Header Files</Filter>
    </ClInclude>
    <ClInclude Include="Toward.h">
      <Filter>Header Files</Filter>
    </ClInclude>
    <ClInclude Include="TowardRain.h">
      <Filter>Header Files</Filter>
    </ClInclude>
    <ClInclude Include="WalkSeven.h">
      <Filter>Header Files</Filter>
    </ClInclude>
    <ClInclude Include="Worm.h">
      <Filter>Header Files</Filter>
    </ClInclude>
    <ClInclude Include="Worms.h">
      <Filter>Header Files</Filter>
    </ClInclude>
  </ItemGroup>
  <ItemGroup>
    <ClCompile Include="dllmain.cpp">
      <Filter>Source Files</Filter>
    </ClCompile>
    <ClCompile Include="LightsController.cpp">
      <Filter>Source Files</Filter>
    </ClCompile>
    <ClCompile Include="SimulatedLedStrip.cpp">
      <Filter>Source Files</Filter>
    </ClCompile>
    <ClCompile Include="Helper.cpp">
      <Filter>Source Files</Filter>
    </ClCompile>
    <ClCompile Include="AnimationManager.cpp">
      <Filter>Source Files</Filter>
    </ClCompile>
    <ClCompile Include="Shuffle.cpp">
      <Filter>Source Files</Filter>
    </ClCompile>
    <ClCompile Include="Crawl.cpp">
      <Filter>Source Files</Filter>
    </ClCompile>
    <ClCompile Include="BrightnessManipulation.cpp">
      <Filter>Source Files</Filter>
    </ClCompile>
    <ClCompile Include="BlendManipulations.cpp">
      <Filter>Source Files</Filter>
    </ClCompile>
    <ClCompile Include="framework.cpp">
      <Filter>Source Files</Filter>
    </ClCompile>
    <ClCompile Include="Clearance.cpp">
      <Filter>Source Files</Filter>
    </ClCompile>
    <ClCompile Include="ClearFade.cpp">
      <Filter>Source Files</Filter>
    </ClCompile>
    <ClCompile Include="ClearFromCenter.cpp">
      <Filter>Source Files</Filter>
    </ClCompile>
    <ClCompile Include="ClearHalf.cpp">
      <Filter>Source Files</Filter>
    </ClCompile>
    <ClCompile Include="ClearSide.cpp">
      <Filter>Source Files</Filter>
    </ClCompile>
    <ClCompile Include="EatFromCenter.cpp">
      <Filter>Source Files</Filter>
    </ClCompile>
    <ClCompile Include="Animation.cpp">
      <Filter>Source Files</Filter>
    </ClCompile>
    <ClCompile Include="CenterRun.cpp">
      <Filter>Source Files</Filter>
    </ClCompile>
    <ClCompile Include="CollEnd.cpp">
      <Filter>Source Files</Filter>
    </ClCompile>
    <ClCompile Include="CollideOne.cpp">
      <Filter>Source Files</Filter>
    </ClCompile>
    <ClCompile Include="CollMdl.cpp">
      <Filter>Source Files</Filter>
    </ClCompile>
    <ClCompile Include="ColorSwing.cpp">
      <Filter>Source Files</Filter>
    </ClCompile>
    <ClCompile Include="ColorWalk.cpp">
      <Filter>Source Files</Filter>
    </ClCompile>
    <ClCompile Include="ColorWave.cpp">
      <Filter>Source Files</Filter>
    </ClCompile>
    <ClCompile Include="ColorWipe.cpp">
      <Filter>Source Files</Filter>
    </ClCompile>
    <ClCompile Include="EvenOdd.cpp">
      <Filter>Source Files</Filter>
    </ClCompile>
    <ClCompile Include="FlashSeven.cpp">
      <Filter>Source Files</Filter>
    </ClCompile>
    <ClCompile Include="Interference.cpp">
      <Filter>Source Files</Filter>
    </ClCompile>
    <ClCompile Include="LightHouse.cpp">
      <Filter>Source Files</Filter>
    </ClCompile>
    <ClCompile Include="LightUp.cpp">
      <Filter>Source Files</Filter>
    </ClCompile>
    <ClCompile Include="MergeOne.cpp">
      <Filter>Source Files</Filter>
    </ClCompile>
    <ClCompile Include="MergeWave.cpp">
      <Filter>Source Files</Filter>
    </ClCompile>
    <ClCompile Include="NeoFire.cpp">
      <Filter>Source Files</Filter>
    </ClCompile>
    <ClCompile Include="RainBlend.cpp">
      <Filter>Source Files</Filter>
    </ClCompile>
    <ClCompile Include="Rainbow.cpp">
      <Filter>Source Files</Filter>
    </ClCompile>
    <ClCompile Include="RainCycle.cpp">
      <Filter>Source Files</Filter>
    </ClCompile>
    <ClCompile Include="RainFull.cpp">
      <Filter>Source Files</Filter>
    </ClCompile>
    <ClCompile Include="RandomCreep.cpp">
      <Filter>Source Files</Filter>
    </ClCompile>
    <ClCompile Include="RandomDrops.cpp">
      <Filter>Source Files</Filter>
    </ClCompile>
    <ClCompile Include="RandomFade.cpp">
      <Filter>Source Files</Filter>
    </ClCompile>
    <ClCompile Include="RandomFill.cpp">
      <Filter>Source Files</Filter>
    </ClCompile>
    <ClCompile Include="ShineFlash.cpp">
      <Filter>Source Files</Filter>
    </ClCompile>
    <ClCompile Include="ShineSeven.cpp">
      <Filter>Source Files</Filter>
    </ClCompile>
    <ClCompile Include="SingleColorSwing.cpp">
      <Filter>Source Files</Filter>
    </ClCompile>
    <ClCompile Include="SingleWave.cpp">
      <Filter>Source Files</Filter>
    </ClCompile>
    <ClCompile Include="SolitonCreep.cpp">
      <Filter>Source Files</Filter>
    </ClCompile>
    <ClCompile Include="Sparks.cpp">
      <Filter>Source Files</Filter>
    </ClCompile>
    <ClCompile Include="StaticColor.cpp">
      <Filter>Source Files</Filter>
    </ClCompile>
    <ClCompile Include="Toward.cpp">
      <Filter>Source Files</Filter>
    </ClCompile>
    <ClCompile Include="TowardRain.cpp">
      <Filter>Source Files</Filter>
    </ClCompile>
    <ClCompile Include="WalkSeven.cpp">
      <Filter>Source Files</Filter>
    </ClCompile>
    <ClCompile Include="Worms.cpp">
      <Filter>Source Files</Filter>
    </ClCompile>
  </ItemGroup>
</Project>